// !$*UTF8*$!
{
	archiveVersion = 1;
	classes = {
	};
	objectVersion = 46;
	objects = {

/* Begin PBXBuildFile section */
		2108F0503FDF6100DF116CE7 /* libPods-TestProjectUITests.a in Frameworks */ = {isa = PBXBuildFile; fileRef = 7B697645422CE0C52E4E084B /* libPods-TestProjectUITests.a */; };
		4297752F1E35C78C00E5150C /* main.m in Sources */ = {isa = PBXBuildFile; fileRef = 4297752E1E35C78C00E5150C /* main.m */; };
		429775321E35C78D00E5150C /* AppDelegate.m in Sources */ = {isa = PBXBuildFile; fileRef = 429775311E35C78D00E5150C /* AppDelegate.m */; };
		429775351E35C78D00E5150C /* ViewController.m in Sources */ = {isa = PBXBuildFile; fileRef = 429775341E35C78D00E5150C /* ViewController.m */; };
		429775381E35C78E00E5150C /* Main.storyboard in Resources */ = {isa = PBXBuildFile; fileRef = 429775361E35C78E00E5150C /* Main.storyboard */; };
		4297753A1E35C78E00E5150C /* Assets.xcassets in Resources */ = {isa = PBXBuildFile; fileRef = 429775391E35C78E00E5150C /* Assets.xcassets */; };
		4297753D1E35C78E00E5150C /* LaunchScreen.storyboard in Resources */ = {isa = PBXBuildFile; fileRef = 4297753B1E35C78E00E5150C /* LaunchScreen.storyboard */; };
		429775481E35C78F00E5150C /* TestProjectTests.m in Sources */ = {isa = PBXBuildFile; fileRef = 429775471E35C78F00E5150C /* TestProjectTests.m */; };
		429775531E35C78F00E5150C /* TestProjectUITests.m in Sources */ = {isa = PBXBuildFile; fileRef = 429775521E35C78F00E5150C /* TestProjectUITests.m */; };
		429775631E35CA7100E5150C /* FactsModel.m in Sources */ = {isa = PBXBuildFile; fileRef = 429775621E35CA7100E5150C /* FactsModel.m */; };
		429775661E35CBE900E5150C /* ServiceCommunicator.m in Sources */ = {isa = PBXBuildFile; fileRef = 429775651E35CBE900E5150C /* ServiceCommunicator.m */; };
		BFB4D883B1F64AE692138461 /* libPods-TestProjectTests.a in Frameworks */ = {isa = PBXBuildFile; fileRef = B387A99F1F8D0BE2B99B4A08 /* libPods-TestProjectTests.a */; };
		FA0BD63D59524D0E34A8CF47 /* libPods-TestProject.a in Frameworks */ = {isa = PBXBuildFile; fileRef = 6B4FCEE1154EFFD5D7BA21F5 /* libPods-TestProject.a */; };
/* End PBXBuildFile section */

/* Begin PBXContainerItemProxy section */
		429775441E35C78F00E5150C /* PBXContainerItemProxy */ = {
			isa = PBXContainerItemProxy;
			containerPortal = 429775221E35C78C00E5150C /* Project object */;
			proxyType = 1;
			remoteGlobalIDString = 429775291E35C78C00E5150C;
			remoteInfo = TestProject;
		};
		4297754F1E35C78F00E5150C /* PBXContainerItemProxy */ = {
			isa = PBXContainerItemProxy;
			containerPortal = 429775221E35C78C00E5150C /* Project object */;
			proxyType = 1;
			remoteGlobalIDString = 429775291E35C78C00E5150C;
			remoteInfo = TestProject;
		};
/* End PBXContainerItemProxy section */

/* Begin PBXFileReference section */
		1287617278A88428AC08DDC2 /* Pods-TestProjectUITests.debug.xcconfig */ = {isa = PBXFileReference; includeInIndex = 1; lastKnownFileType = text.xcconfig; name = "Pods-TestProjectUITests.debug.xcconfig"; path = "Pods/Target Support Files/Pods-TestProjectUITests/Pods-TestProjectUITests.debug.xcconfig"; sourceTree = "<group>"; };
		309BDF9AFFA6A803EE04855E /* Pods-TestProjectTests.release.xcconfig */ = {isa = PBXFileReference; includeInIndex = 1; lastKnownFileType = text.xcconfig; name = "Pods-TestProjectTests.release.xcconfig"; path = "Pods/Target Support Files/Pods-TestProjectTests/Pods-TestProjectTests.release.xcconfig"; sourceTree = "<group>"; };
		4297752A1E35C78C00E5150C /* TestProject.app */ = {isa = PBXFileReference; explicitFileType = wrapper.application; includeInIndex = 0; path = TestProject.app; sourceTree = BUILT_PRODUCTS_DIR; };
		4297752E1E35C78C00E5150C /* main.m */ = {isa = PBXFileReference; lastKnownFileType = sourcecode.c.objc; path = main.m; sourceTree = "<group>"; };
		429775301E35C78D00E5150C /* AppDelegate.h */ = {isa = PBXFileReference; lastKnownFileType = sourcecode.c.h; path = AppDelegate.h; sourceTree = "<group>"; };
		429775311E35C78D00E5150C /* AppDelegate.m */ = {isa = PBXFileReference; lastKnownFileType = sourcecode.c.objc; path = AppDelegate.m; sourceTree = "<group>"; };
		429775331E35C78D00E5150C /* ViewController.h */ = {isa = PBXFileReference; lastKnownFileType = sourcecode.c.h; path = ViewController.h; sourceTree = "<group>"; };
		429775341E35C78D00E5150C /* ViewController.m */ = {isa = PBXFileReference; lastKnownFileType = sourcecode.c.objc; path = ViewController.m; sourceTree = "<group>"; };
		429775371E35C78E00E5150C /* Base */ = {isa = PBXFileReference; lastKnownFileType = file.storyboard; name = Base; path = Base.lproj/Main.storyboard; sourceTree = "<group>"; };
		429775391E35C78E00E5150C /* Assets.xcassets */ = {isa = PBXFileReference; lastKnownFileType = folder.assetcatalog; path = Assets.xcassets; sourceTree = "<group>"; };
		4297753C1E35C78E00E5150C /* Base */ = {isa = PBXFileReference; lastKnownFileType = file.storyboard; name = Base; path = Base.lproj/LaunchScreen.storyboard; sourceTree = "<group>"; };
		4297753E1E35C78E00E5150C /* Info.plist */ = {isa = PBXFileReference; lastKnownFileType = text.plist.xml; path = Info.plist; sourceTree = "<group>"; };
		429775431E35C78F00E5150C /* TestProjectTests.xctest */ = {isa = PBXFileReference; explicitFileType = wrapper.cfbundle; includeInIndex = 0; path = TestProjectTests.xctest; sourceTree = BUILT_PRODUCTS_DIR; };
		429775471E35C78F00E5150C /* TestProjectTests.m */ = {isa = PBXFileReference; lastKnownFileType = sourcecode.c.objc; path = TestProjectTests.m; sourceTree = "<group>"; };
		429775491E35C78F00E5150C /* Info.plist */ = {isa = PBXFileReference; lastKnownFileType = text.plist.xml; path = Info.plist; sourceTree = "<group>"; };
		4297754E1E35C78F00E5150C /* TestProjectUITests.xctest */ = {isa = PBXFileReference; explicitFileType = wrapper.cfbundle; includeInIndex = 0; path = TestProjectUITests.xctest; sourceTree = BUILT_PRODUCTS_DIR; };
		429775521E35C78F00E5150C /* TestProjectUITests.m */ = {isa = PBXFileReference; lastKnownFileType = sourcecode.c.objc; path = TestProjectUITests.m; sourceTree = "<group>"; };
		429775541E35C78F00E5150C /* Info.plist */ = {isa = PBXFileReference; lastKnownFileType = text.plist.xml; path = Info.plist; sourceTree = "<group>"; };
		429775611E35CA7100E5150C /* FactsModel.h */ = {isa = PBXFileReference; fileEncoding = 4; lastKnownFileType = sourcecode.c.h; path = FactsModel.h; sourceTree = "<group>"; };
		429775621E35CA7100E5150C /* FactsModel.m */ = {isa = PBXFileReference; fileEncoding = 4; lastKnownFileType = sourcecode.c.objc; path = FactsModel.m; sourceTree = "<group>"; };
		429775641E35CBE900E5150C /* ServiceCommunicator.h */ = {isa = PBXFileReference; fileEncoding = 4; lastKnownFileType = sourcecode.c.h; path = ServiceCommunicator.h; sourceTree = "<group>"; };
		429775651E35CBE900E5150C /* ServiceCommunicator.m */ = {isa = PBXFileReference; fileEncoding = 4; lastKnownFileType = sourcecode.c.objc; path = ServiceCommunicator.m; sourceTree = "<group>"; };
		5365F9778CA947B1A7AC7B9F /* Pods-TestProject.release.xcconfig */ = {isa = PBXFileReference; includeInIndex = 1; lastKnownFileType = text.xcconfig; name = "Pods-TestProject.release.xcconfig"; path = "Pods/Target Support Files/Pods-TestProject/Pods-TestProject.release.xcconfig"; sourceTree = "<group>"; };
		6B4FCEE1154EFFD5D7BA21F5 /* libPods-TestProject.a */ = {isa = PBXFileReference; explicitFileType = archive.ar; includeInIndex = 0; path = "libPods-TestProject.a"; sourceTree = BUILT_PRODUCTS_DIR; };
		7B697645422CE0C52E4E084B /* libPods-TestProjectUITests.a */ = {isa = PBXFileReference; explicitFileType = archive.ar; includeInIndex = 0; path = "libPods-TestProjectUITests.a"; sourceTree = BUILT_PRODUCTS_DIR; };
		9EF77C7B0B0FF1557800850E /* Pods-TestProject.debug.xcconfig */ = {isa = PBXFileReference; includeInIndex = 1; lastKnownFileType = text.xcconfig; name = "Pods-TestProject.debug.xcconfig"; path = "Pods/Target Support Files/Pods-TestProject/Pods-TestProject.debug.xcconfig"; sourceTree = "<group>"; };
		A207F8F3127CAF3987D22875 /* Pods-TestProjectUITests.release.xcconfig */ = {isa = PBXFileReference; includeInIndex = 1; lastKnownFileType = text.xcconfig; name = "Pods-TestProjectUITests.release.xcconfig"; path = "Pods/Target Support Files/Pods-TestProjectUITests/Pods-TestProjectUITests.release.xcconfig"; sourceTree = "<group>"; };
		B387A99F1F8D0BE2B99B4A08 /* libPods-TestProjectTests.a */ = {isa = PBXFileReference; explicitFileType = archive.ar; includeInIndex = 0; path = "libPods-TestProjectTests.a"; sourceTree = BUILT_PRODUCTS_DIR; };
		CEA0233C9518A6ECBAE0134F /* Pods-TestProjectTests.debug.xcconfig */ = {isa = PBXFileReference; includeInIndex = 1; lastKnownFileType = text.xcconfig; name = "Pods-TestProjectTests.debug.xcconfig"; path = "Pods/Target Support Files/Pods-TestProjectTests/Pods-TestProjectTests.debug.xcconfig"; sourceTree = "<group>"; };
/* End PBXFileReference section */

/* Begin PBXFrameworksBuildPhase section */
		429775271E35C78C00E5150C /* Frameworks */ = {
			isa = PBXFrameworksBuildPhase;
			buildActionMask = 2147483647;
			files = (
				FA0BD63D59524D0E34A8CF47 /* libPods-TestProject.a in Frameworks */,
			);
			runOnlyForDeploymentPostprocessing = 0;
		};
		429775401E35C78F00E5150C /* Frameworks */ = {
			isa = PBXFrameworksBuildPhase;
			buildActionMask = 2147483647;
			files = (
				BFB4D883B1F64AE692138461 /* libPods-TestProjectTests.a in Frameworks */,
			);
			runOnlyForDeploymentPostprocessing = 0;
		};
		4297754B1E35C78F00E5150C /* Frameworks */ = {
			isa = PBXFrameworksBuildPhase;
			buildActionMask = 2147483647;
			files = (
				2108F0503FDF6100DF116CE7 /* libPods-TestProjectUITests.a in Frameworks */,
			);
			runOnlyForDeploymentPostprocessing = 0;
		};
/* End PBXFrameworksBuildPhase section */

/* Begin PBXGroup section */
		34A83E989120881ACC44781C /* Frameworks */ = {
			isa = PBXGroup;
			children = (
				6B4FCEE1154EFFD5D7BA21F5 /* libPods-TestProject.a */,
				B387A99F1F8D0BE2B99B4A08 /* libPods-TestProjectTests.a */,
				7B697645422CE0C52E4E084B /* libPods-TestProjectUITests.a */,
			);
			name = Frameworks;
			sourceTree = "<group>";
		};
		429775211E35C78C00E5150C = {
			isa = PBXGroup;
			children = (
				4297752C1E35C78C00E5150C /* TestProject */,
				429775461E35C78F00E5150C /* TestProjectTests */,
				429775511E35C78F00E5150C /* TestProjectUITests */,
				4297752B1E35C78C00E5150C /* Products */,
				E76C7F020741F534115F416E /* Pods */,
				34A83E989120881ACC44781C /* Frameworks */,
			);
			sourceTree = "<group>";
		};
		4297752B1E35C78C00E5150C /* Products */ = {
			isa = PBXGroup;
			children = (
				4297752A1E35C78C00E5150C /* TestProject.app */,
				429775431E35C78F00E5150C /* TestProjectTests.xctest */,
				4297754E1E35C78F00E5150C /* TestProjectUITests.xctest */,
			);
			name = Products;
			sourceTree = "<group>";
		};
		4297752C1E35C78C00E5150C /* TestProject */ = {
			isa = PBXGroup;
			children = (
				429775671E35CBF000E5150C /* Services */,
				429775601E35CA4400E5150C /* Models */,
				429775301E35C78D00E5150C /* AppDelegate.h */,
				429775311E35C78D00E5150C /* AppDelegate.m */,
				429775331E35C78D00E5150C /* ViewController.h */,
				429775341E35C78D00E5150C /* ViewController.m */,
				429775361E35C78E00E5150C /* Main.storyboard */,
				429775391E35C78E00E5150C /* Assets.xcassets */,
				4297753B1E35C78E00E5150C /* LaunchScreen.storyboard */,
				4297753E1E35C78E00E5150C /* Info.plist */,
				4297752D1E35C78C00E5150C /* Supporting Files */,
			);
			path = TestProject;
			sourceTree = "<group>";
		};
		4297752D1E35C78C00E5150C /* Supporting Files */ = {
			isa = PBXGroup;
			children = (
				4297752E1E35C78C00E5150C /* main.m */,
			);
			name = "Supporting Files";
			sourceTree = "<group>";
		};
		429775461E35C78F00E5150C /* TestProjectTests */ = {
			isa = PBXGroup;
			children = (
				429775471E35C78F00E5150C /* TestProjectTests.m */,
				429775491E35C78F00E5150C /* Info.plist */,
			);
			path = TestProjectTests;
			sourceTree = "<group>";
		};
		429775511E35C78F00E5150C /* TestProjectUITests */ = {
			isa = PBXGroup;
			children = (
				429775521E35C78F00E5150C /* TestProjectUITests.m */,
				429775541E35C78F00E5150C /* Info.plist */,
			);
			path = TestProjectUITests;
			sourceTree = "<group>";
		};
		429775601E35CA4400E5150C /* Models */ = {
			isa = PBXGroup;
			children = (
				429775611E35CA7100E5150C /* FactsModel.h */,
				429775621E35CA7100E5150C /* FactsModel.m */,
			);
			name = Models;
			sourceTree = "<group>";
		};
		429775671E35CBF000E5150C /* Services */ = {
			isa = PBXGroup;
			children = (
				429775641E35CBE900E5150C /* ServiceCommunicator.h */,
				429775651E35CBE900E5150C /* ServiceCommunicator.m */,
			);
			name = Services;
			sourceTree = "<group>";
		};
		E76C7F020741F534115F416E /* Pods */ = {
			isa = PBXGroup;
			children = (
				9EF77C7B0B0FF1557800850E /* Pods-TestProject.debug.xcconfig */,
				5365F9778CA947B1A7AC7B9F /* Pods-TestProject.release.xcconfig */,
				CEA0233C9518A6ECBAE0134F /* Pods-TestProjectTests.debug.xcconfig */,
				309BDF9AFFA6A803EE04855E /* Pods-TestProjectTests.release.xcconfig */,
				1287617278A88428AC08DDC2 /* Pods-TestProjectUITests.debug.xcconfig */,
				A207F8F3127CAF3987D22875 /* Pods-TestProjectUITests.release.xcconfig */,
			);
			name = Pods;
			sourceTree = "<group>";
		};
/* End PBXGroup section */

/* Begin PBXNativeTarget section */
		429775291E35C78C00E5150C /* TestProject */ = {
			isa = PBXNativeTarget;
			buildConfigurationList = 429775571E35C78F00E5150C /* Build configuration list for PBXNativeTarget "TestProject" */;
			buildPhases = (
				C928D57F341D7C8455C9EB14 /* [CP] Check Pods Manifest.lock */,
				429775261E35C78C00E5150C /* Sources */,
				429775271E35C78C00E5150C /* Frameworks */,
				429775281E35C78C00E5150C /* Resources */,
				BBBFEC75E9DAB4EBA4CC1890 /* [CP] Embed Pods Frameworks */,
				022F0434700F3EF3F7A410C9 /* [CP] Copy Pods Resources */,
			);
			buildRules = (
			);
			dependencies = (
			);
			name = TestProject;
			productName = TestProject;
			productReference = 4297752A1E35C78C00E5150C /* TestProject.app */;
			productType = "com.apple.product-type.application";
		};
		429775421E35C78F00E5150C /* TestProjectTests */ = {
			isa = PBXNativeTarget;
			buildConfigurationList = 4297755A1E35C78F00E5150C /* Build configuration list for PBXNativeTarget "TestProjectTests" */;
			buildPhases = (
				63C29AB8ACFED8675F232C4C /* [CP] Check Pods Manifest.lock */,
				4297753F1E35C78F00E5150C /* Sources */,
				429775401E35C78F00E5150C /* Frameworks */,
				429775411E35C78F00E5150C /* Resources */,
				734C204CF167D242D0C7A46A /* [CP] Embed Pods Frameworks */,
				01ADAAFA93597D8A19BC53CA /* [CP] Copy Pods Resources */,
			);
			buildRules = (
			);
			dependencies = (
				429775451E35C78F00E5150C /* PBXTargetDependency */,
			);
			name = TestProjectTests;
			productName = TestProjectTests;
			productReference = 429775431E35C78F00E5150C /* TestProjectTests.xctest */;
			productType = "com.apple.product-type.bundle.unit-test";
		};
		4297754D1E35C78F00E5150C /* TestProjectUITests */ = {
			isa = PBXNativeTarget;
			buildConfigurationList = 4297755D1E35C78F00E5150C /* Build configuration list for PBXNativeTarget "TestProjectUITests" */;
			buildPhases = (
				46A1DED33064B5B68E89858F /* [CP] Check Pods Manifest.lock */,
				4297754A1E35C78F00E5150C /* Sources */,
				4297754B1E35C78F00E5150C /* Frameworks */,
				4297754C1E35C78F00E5150C /* Resources */,
				A9BFE0C67AB1CA65F995440E /* [CP] Copy Pods Resources */,
			);
			buildRules = (
			);
			dependencies = (
				429775501E35C78F00E5150C /* PBXTargetDependency */,
			);
			name = TestProjectUITests;
			productName = TestProjectUITests;
			productReference = 4297754E1E35C78F00E5150C /* TestProjectUITests.xctest */;
			productType = "com.apple.product-type.bundle.ui-testing";
		};
/* End PBXNativeTarget section */

/* Begin PBXProject section */
		429775221E35C78C00E5150C /* Project object */ = {
			isa = PBXProject;
			attributes = {
				LastUpgradeCheck = 0820;
				ORGANIZATIONNAME = Kumaran;
				TargetAttributes = {
					429775291E35C78C00E5150C = {
						CreatedOnToolsVersion = 8.2.1;
						DevelopmentTeam = NLL9CV7DDM;
						ProvisioningStyle = Automatic;
					};
					429775421E35C78F00E5150C = {
						CreatedOnToolsVersion = 8.2.1;
						DevelopmentTeam = NLL9CV7DDM;
						ProvisioningStyle = Automatic;
						TestTargetID = 429775291E35C78C00E5150C;
					};
					4297754D1E35C78F00E5150C = {
						CreatedOnToolsVersion = 8.2.1;
						DevelopmentTeam = NLL9CV7DDM;
						ProvisioningStyle = Automatic;
						TestTargetID = 429775291E35C78C00E5150C;
					};
				};
			};
			buildConfigurationList = 429775251E35C78C00E5150C /* Build configuration list for PBXProject "TestProject" */;
			compatibilityVersion = "Xcode 3.2";
			developmentRegion = English;
			hasScannedForEncodings = 0;
			knownRegions = (
				en,
				Base,
			);
			mainGroup = 429775211E35C78C00E5150C;
			productRefGroup = 4297752B1E35C78C00E5150C /* Products */;
			projectDirPath = "";
			projectRoot = "";
			targets = (
				429775291E35C78C00E5150C /* TestProject */,
				429775421E35C78F00E5150C /* TestProjectTests */,
				4297754D1E35C78F00E5150C /* TestProjectUITests */,
			);
		};
/* End PBXProject section */

/* Begin PBXResourcesBuildPhase section */
		429775281E35C78C00E5150C /* Resources */ = {
			isa = PBXResourcesBuildPhase;
			buildActionMask = 2147483647;
			files = (
				4297753D1E35C78E00E5150C /* LaunchScreen.storyboard in Resources */,
				4297753A1E35C78E00E5150C /* Assets.xcassets in Resources */,
				429775381E35C78E00E5150C /* Main.storyboard in Resources */,
			);
			runOnlyForDeploymentPostprocessing = 0;
		};
		429775411E35C78F00E5150C /* Resources */ = {
			isa = PBXResourcesBuildPhase;
			buildActionMask = 2147483647;
			files = (
			);
			runOnlyForDeploymentPostprocessing = 0;
		};
		4297754C1E35C78F00E5150C /* Resources */ = {
			isa = PBXResourcesBuildPhase;
			buildActionMask = 2147483647;
			files = (
			);
			runOnlyForDeploymentPostprocessing = 0;
		};
/* End PBXResourcesBuildPhase section */

/* Begin PBXShellScriptBuildPhase section */
		01ADAAFA93597D8A19BC53CA /* [CP] Copy Pods Resources */ = {
			isa = PBXShellScriptBuildPhase;
			buildActionMask = 2147483647;
			files = (
			);
			inputPaths = (
			);
			name = "[CP] Copy Pods Resources";
			outputPaths = (
			);
			runOnlyForDeploymentPostprocessing = 0;
			shellPath = /bin/sh;
			shellScript = "\"${SRCROOT}/Pods/Target Support Files/Pods-TestProjectTests/Pods-TestProjectTests-resources.sh\"\n";
			showEnvVarsInLog = 0;
		};
		022F0434700F3EF3F7A410C9 /* [CP] Copy Pods Resources */ = {
			isa = PBXShellScriptBuildPhase;
			buildActionMask = 2147483647;
			files = (
			);
			inputPaths = (
			);
			name = "[CP] Copy Pods Resources";
			outputPaths = (
			);
			runOnlyForDeploymentPostprocessing = 0;
			shellPath = /bin/sh;
			shellScript = "\"${SRCROOT}/Pods/Target Support Files/Pods-TestProject/Pods-TestProject-resources.sh\"\n";
			showEnvVarsInLog = 0;
		};
		46A1DED33064B5B68E89858F /* [CP] Check Pods Manifest.lock */ = {
			isa = PBXShellScriptBuildPhase;
			buildActionMask = 2147483647;
			files = (
			);
			inputPaths = (
			);
			name = "[CP] Check Pods Manifest.lock";
			outputPaths = (
			);
			runOnlyForDeploymentPostprocessing = 0;
			shellPath = /bin/sh;
			shellScript = "diff \"${PODS_ROOT}/../Podfile.lock\" \"${PODS_ROOT}/Manifest.lock\" > /dev/null\nif [[ $? != 0 ]] ; then\n    cat << EOM\nerror: The sandbox is not in sync with the Podfile.lock. Run 'pod install' or update your CocoaPods installation.\nEOM\n    exit 1\nfi\n";
			showEnvVarsInLog = 0;
		};
		63C29AB8ACFED8675F232C4C /* [CP] Check Pods Manifest.lock */ = {
			isa = PBXShellScriptBuildPhase;
			buildActionMask = 2147483647;
			files = (
			);
			inputPaths = (
			);
			name = "[CP] Check Pods Manifest.lock";
			outputPaths = (
			);
			runOnlyForDeploymentPostprocessing = 0;
			shellPath = /bin/sh;
			shellScript = "diff \"${PODS_ROOT}/../Podfile.lock\" \"${PODS_ROOT}/Manifest.lock\" > /dev/null\nif [[ $? != 0 ]] ; then\n    cat << EOM\nerror: The sandbox is not in sync with the Podfile.lock. Run 'pod install' or update your CocoaPods installation.\nEOM\n    exit 1\nfi\n";
			showEnvVarsInLog = 0;
		};
		734C204CF167D242D0C7A46A /* [CP] Embed Pods Frameworks */ = {
			isa = PBXShellScriptBuildPhase;
			buildActionMask = 2147483647;
			files = (
			);
			inputPaths = (
			);
			name = "[CP] Embed Pods Frameworks";
			outputPaths = (
			);
			runOnlyForDeploymentPostprocessing = 0;
			shellPath = /bin/sh;
			shellScript = "\"${SRCROOT}/Pods/Target Support Files/Pods-TestProjectTests/Pods-TestProjectTests-frameworks.sh\"\n";
			showEnvVarsInLog = 0;
		};
		A9BFE0C67AB1CA65F995440E /* [CP] Copy Pods Resources */ = {
			isa = PBXShellScriptBuildPhase;
			buildActionMask = 2147483647;
			files = (
			);
			inputPaths = (
			);
			name = "[CP] Copy Pods Resources";
			outputPaths = (
			);
			runOnlyForDeploymentPostprocessing = 0;
			shellPath = /bin/sh;
			shellScript = "\"${SRCROOT}/Pods/Target Support Files/Pods-TestProjectUITests/Pods-TestProjectUITests-resources.sh\"\n";
			showEnvVarsInLog = 0;
		};
		BBBFEC75E9DAB4EBA4CC1890 /* [CP] Embed Pods Frameworks */ = {
			isa = PBXShellScriptBuildPhase;
			buildActionMask = 2147483647;
			files = (
			);
			inputPaths = (
			);
			name = "[CP] Embed Pods Frameworks";
			outputPaths = (
			);
			runOnlyForDeploymentPostprocessing = 0;
			shellPath = /bin/sh;
			shellScript = "\"${SRCROOT}/Pods/Target Support Files/Pods-TestProject/Pods-TestProject-frameworks.sh\"\n";
			showEnvVarsInLog = 0;
		};
		C928D57F341D7C8455C9EB14 /* [CP] Check Pods Manifest.lock */ = {
			isa = PBXShellScriptBuildPhase;
			buildActionMask = 2147483647;
			files = (
			);
			inputPaths = (
			);
			name = "[CP] Check Pods Manifest.lock";
			outputPaths = (
			);
			runOnlyForDeploymentPostprocessing = 0;
			shellPath = /bin/sh;
			shellScript = "diff \"${PODS_ROOT}/../Podfile.lock\" \"${PODS_ROOT}/Manifest.lock\" > /dev/null\nif [[ $? != 0 ]] ; then\n    cat << EOM\nerror: The sandbox is not in sync with the Podfile.lock. Run 'pod install' or update your CocoaPods installation.\nEOM\n    exit 1\nfi\n";
			showEnvVarsInLog = 0;
		};
/* End PBXShellScriptBuildPhase section */

/* Begin PBXSourcesBuildPhase section */
		429775261E35C78C00E5150C /* Sources */ = {
			isa = PBXSourcesBuildPhase;
			buildActionMask = 2147483647;
			files = (
				429775661E35CBE900E5150C /* ServiceCommunicator.m in Sources */,
				429775351E35C78D00E5150C /* ViewController.m in Sources */,
				429775631E35CA7100E5150C /* FactsModel.m in Sources */,
				429775321E35C78D00E5150C /* AppDelegate.m in Sources */,
				4297752F1E35C78C00E5150C /* main.m in Sources */,
			);
			runOnlyForDeploymentPostprocessing = 0;
		};
		4297753F1E35C78F00E5150C /* Sources */ = {
			isa = PBXSourcesBuildPhase;
			buildActionMask = 2147483647;
			files = (
				429775481E35C78F00E5150C /* TestProjectTests.m in Sources */,
			);
			runOnlyForDeploymentPostprocessing = 0;
		};
		4297754A1E35C78F00E5150C /* Sources */ = {
			isa = PBXSourcesBuildPhase;
			buildActionMask = 2147483647;
			files = (
				429775531E35C78F00E5150C /* TestProjectUITests.m in Sources */,
			);
			runOnlyForDeploymentPostprocessing = 0;
		};
/* End PBXSourcesBuildPhase section */

/* Begin PBXTargetDependency section */
		429775451E35C78F00E5150C /* PBXTargetDependency */ = {
			isa = PBXTargetDependency;
			target = 429775291E35C78C00E5150C /* TestProject */;
			targetProxy = 429775441E35C78F00E5150C /* PBXContainerItemProxy */;
		};
		429775501E35C78F00E5150C /* PBXTargetDependency */ = {
			isa = PBXTargetDependency;
			target = 429775291E35C78C00E5150C /* TestProject */;
			targetProxy = 4297754F1E35C78F00E5150C /* PBXContainerItemProxy */;
		};
/* End PBXTargetDependency section */

/* Begin PBXVariantGroup section */
		429775361E35C78E00E5150C /* Main.storyboard */ = {
			isa = PBXVariantGroup;
			children = (
				429775371E35C78E00E5150C /* Base */,
			);
			name = Main.storyboard;
			sourceTree = "<group>";
		};
		4297753B1E35C78E00E5150C /* LaunchScreen.storyboard */ = {
			isa = PBXVariantGroup;
			children = (
				4297753C1E35C78E00E5150C /* Base */,
			);
			name = LaunchScreen.storyboard;
			sourceTree = "<group>";
		};
/* End PBXVariantGroup section */

/* Begin XCBuildConfiguration section */
		429775551E35C78F00E5150C /* Debug */ = {
			isa = XCBuildConfiguration;
			buildSettings = {
				ALWAYS_SEARCH_USER_PATHS = NO;
				CLANG_ANALYZER_NONNULL = YES;
				CLANG_CXX_LANGUAGE_STANDARD = "gnu++0x";
				CLANG_CXX_LIBRARY = "libc++";
				CLANG_ENABLE_MODULES = YES;
				CLANG_ENABLE_OBJC_ARC = YES;
				CLANG_WARN_BOOL_CONVERSION = YES;
				CLANG_WARN_CONSTANT_CONVERSION = YES;
				CLANG_WARN_DIRECT_OBJC_ISA_USAGE = YES_ERROR;
				CLANG_WARN_DOCUMENTATION_COMMENTS = YES;
				CLANG_WARN_EMPTY_BODY = YES;
				CLANG_WARN_ENUM_CONVERSION = YES;
				CLANG_WARN_INFINITE_RECURSION = YES;
				CLANG_WARN_INT_CONVERSION = YES;
				CLANG_WARN_OBJC_ROOT_CLASS = YES_ERROR;
				CLANG_WARN_SUSPICIOUS_MOVE = YES;
				CLANG_WARN_UNREACHABLE_CODE = YES;
				CLANG_WARN__DUPLICATE_METHOD_MATCH = YES;
				"CODE_SIGN_IDENTITY[sdk=iphoneos*]" = "iPhone Developer";
				COPY_PHASE_STRIP = NO;
				DEBUG_INFORMATION_FORMAT = dwarf;
				ENABLE_STRICT_OBJC_MSGSEND = YES;
				ENABLE_TESTABILITY = YES;
				GCC_C_LANGUAGE_STANDARD = gnu99;
				GCC_DYNAMIC_NO_PIC = NO;
				GCC_NO_COMMON_BLOCKS = YES;
				GCC_OPTIMIZATION_LEVEL = 0;
				GCC_PREPROCESSOR_DEFINITIONS = (
					"DEBUG=1",
					"$(inherited)",
				);
				GCC_WARN_64_TO_32_BIT_CONVERSION = YES;
				GCC_WARN_ABOUT_RETURN_TYPE = YES_ERROR;
				GCC_WARN_UNDECLARED_SELECTOR = YES;
				GCC_WARN_UNINITIALIZED_AUTOS = YES_AGGRESSIVE;
				GCC_WARN_UNUSED_FUNCTION = YES;
				GCC_WARN_UNUSED_VARIABLE = YES;
				IPHONEOS_DEPLOYMENT_TARGET = 10.2;
				MTL_ENABLE_DEBUG_INFO = YES;
				ONLY_ACTIVE_ARCH = YES;
				SDKROOT = iphoneos;
			};
			name = Debug;
		};
		429775561E35C78F00E5150C /* Release */ = {
			isa = XCBuildConfiguration;
			buildSettings = {
				ALWAYS_SEARCH_USER_PATHS = NO;
				CLANG_ANALYZER_NONNULL = YES;
				CLANG_CXX_LANGUAGE_STANDARD = "gnu++0x";
				CLANG_CXX_LIBRARY = "libc++";
				CLANG_ENABLE_MODULES = YES;
				CLANG_ENABLE_OBJC_ARC = YES;
				CLANG_WARN_BOOL_CONVERSION = YES;
				CLANG_WARN_CONSTANT_CONVERSION = YES;
				CLANG_WARN_DIRECT_OBJC_ISA_USAGE = YES_ERROR;
				CLANG_WARN_DOCUMENTATION_COMMENTS = YES;
				CLANG_WARN_EMPTY_BODY = YES;
				CLANG_WARN_ENUM_CONVERSION = YES;
				CLANG_WARN_INFINITE_RECURSION = YES;
				CLANG_WARN_INT_CONVERSION = YES;
				CLANG_WARN_OBJC_ROOT_CLASS = YES_ERROR;
				CLANG_WARN_SUSPICIOUS_MOVE = YES;
				CLANG_WARN_UNREACHABLE_CODE = YES;
				CLANG_WARN__DUPLICATE_METHOD_MATCH = YES;
				"CODE_SIGN_IDENTITY[sdk=iphoneos*]" = "iPhone Developer";
				COPY_PHASE_STRIP = NO;
				DEBUG_INFORMATION_FORMAT = "dwarf-with-dsym";
				ENABLE_NS_ASSERTIONS = NO;
				ENABLE_STRICT_OBJC_MSGSEND = YES;
				GCC_C_LANGUAGE_STANDARD = gnu99;
				GCC_NO_COMMON_BLOCKS = YES;
				GCC_WARN_64_TO_32_BIT_CONVERSION = YES;
				GCC_WARN_ABOUT_RETURN_TYPE = YES_ERROR;
				GCC_WARN_UNDECLARED_SELECTOR = YES;
				GCC_WARN_UNINITIALIZED_AUTOS = YES_AGGRESSIVE;
				GCC_WARN_UNUSED_FUNCTION = YES;
				GCC_WARN_UNUSED_VARIABLE = YES;
				IPHONEOS_DEPLOYMENT_TARGET = 10.2;
				MTL_ENABLE_DEBUG_INFO = NO;
				SDKROOT = iphoneos;
				VALIDATE_PRODUCT = YES;
			};
			name = Release;
		};
		429775581E35C78F00E5150C /* Debug */ = {
			isa = XCBuildConfiguration;
			baseConfigurationReference = 9EF77C7B0B0FF1557800850E /* Pods-TestProject.debug.xcconfig */;
			buildSettings = {
				ASSETCATALOG_COMPILER_APPICON_NAME = AppIcon;
				DEVELOPMENT_TEAM = NLL9CV7DDM;
				INFOPLIST_FILE = TestProject/Info.plist;
				IPHONEOS_DEPLOYMENT_TARGET = 9.3;
				LD_RUNPATH_SEARCH_PATHS = "$(inherited) @executable_path/Frameworks";
				PRODUCT_BUNDLE_IDENTIFIER = Kumaran.TestProject;
				PRODUCT_NAME = "$(TARGET_NAME)";
			};
			name = Debug;
		};
		429775591E35C78F00E5150C /* Release */ = {
			isa = XCBuildConfiguration;
			baseConfigurationReference = 5365F9778CA947B1A7AC7B9F /* Pods-TestProject.release.xcconfig */;
			buildSettings = {
				ASSETCATALOG_COMPILER_APPICON_NAME = AppIcon;
				DEVELOPMENT_TEAM = NLL9CV7DDM;
				INFOPLIST_FILE = TestProject/Info.plist;
				IPHONEOS_DEPLOYMENT_TARGET = 9.3;
				LD_RUNPATH_SEARCH_PATHS = "$(inherited) @executable_path/Frameworks";
				PRODUCT_BUNDLE_IDENTIFIER = Kumaran.TestProject;
				PRODUCT_NAME = "$(TARGET_NAME)";
			};
			name = Release;
		};
		4297755B1E35C78F00E5150C /* Debug */ = {
			isa = XCBuildConfiguration;
			baseConfigurationReference = CEA0233C9518A6ECBAE0134F /* Pods-TestProjectTests.debug.xcconfig */;
			buildSettings = {
				BUNDLE_LOADER = "$(TEST_HOST)";
				DEVELOPMENT_TEAM = NLL9CV7DDM;
				INFOPLIST_FILE = TestProjectTests/Info.plist;
				LD_RUNPATH_SEARCH_PATHS = "$(inherited) @executable_path/Frameworks @loader_path/Frameworks";
				PRODUCT_BUNDLE_IDENTIFIER = Kumaran.TestProjectTests;
				PRODUCT_NAME = "$(TARGET_NAME)";
				TEST_HOST = "$(BUILT_PRODUCTS_DIR)/TestProject.app/TestProject";
			};
			name = Debug;
		};
		4297755C1E35C78F00E5150C /* Release */ = {
			isa = XCBuildConfiguration;
			baseConfigurationReference = 309BDF9AFFA6A803EE04855E /* Pods-TestProjectTests.release.xcconfig */;
			buildSettings = {
				BUNDLE_LOADER = "$(TEST_HOST)";
				DEVELOPMENT_TEAM = NLL9CV7DDM;
				INFOPLIST_FILE = TestProjectTests/Info.plist;
				LD_RUNPATH_SEARCH_PATHS = "$(inherited) @executable_path/Frameworks @loader_path/Frameworks";
				PRODUCT_BUNDLE_IDENTIFIER = Kumaran.TestProjectTests;
				PRODUCT_NAME = "$(TARGET_NAME)";
				TEST_HOST = "$(BUILT_PRODUCTS_DIR)/TestProject.app/TestProject";
			};
			name = Release;
		};
		4297755E1E35C78F00E5150C /* Debug */ = {
			isa = XCBuildConfiguration;
			baseConfigurationReference = 1287617278A88428AC08DDC2 /* Pods-TestProjectUITests.debug.xcconfig */;
			buildSettings = {
				DEVELOPMENT_TEAM = NLL9CV7DDM;
				INFOPLIST_FILE = TestProjectUITests/Info.plist;
				LD_RUNPATH_SEARCH_PATHS = "$(inherited) @executable_path/Frameworks @loader_path/Frameworks";
				PRODUCT_BUNDLE_IDENTIFIER = Kumaran.TestProjectUITests;
				PRODUCT_NAME = "$(TARGET_NAME)";
				TEST_TARGET_NAME = TestProject;
			};
			name = Debug;
		};
		4297755F1E35C78F00E5150C /* Release */ = {
			isa = XCBuildConfiguration;
			baseConfigurationReference = A207F8F3127CAF3987D22875 /* Pods-TestProjectUITests.release.xcconfig */;
			buildSettings = {
				DEVELOPMENT_TEAM = NLL9CV7DDM;
				INFOPLIST_FILE = TestProjectUITests/Info.plist;
				LD_RUNPATH_SEARCH_PATHS = "$(inherited) @executable_path/Frameworks @loader_path/Frameworks";
				PRODUCT_BUNDLE_IDENTIFIER = Kumaran.TestProjectUITests;
				PRODUCT_NAME = "$(TARGET_NAME)";
				TEST_TARGET_NAME = TestProject;
			};
			name = Release;
		};
/* End XCBuildConfiguration section */

/* Begin XCConfigurationList section */
		429775251E35C78C00E5150C /* Build configuration list for PBXProject "TestProject" */ = {
			isa = XCConfigurationList;
			buildConfigurations = (
				429775551E35C78F00E5150C /* Debug */,
				429775561E35C78F00E5150C /* Release */,
			);
			defaultConfigurationIsVisible = 0;
			defaultConfigurationName = Release;
		};
		429775571E35C78F00E5150C /* Build configuration list for PBXNativeTarget "TestProject" */ = {
			isa = XCConfigurationList;
			buildConfigurations = (
				429775581E35C78F00E5150C /* Debug */,
				429775591E35C78F00E5150C /* Release */,
			);
			defaultConfigurationIsVisible = 0;
			defaultConfigurationName = Release;
		};
		4297755A1E35C78F00E5150C /* Build configuration list for PBXNativeTarget "TestProjectTests" */ = {
			isa = XCConfigurationList;
			buildConfigurations = (
				4297755B1E35C78F00E5150C /* Debug */,
				4297755C1E35C78F00E5150C /* Release */,
			);
			defaultConfigurationIsVisible = 0;
			defaultConfigurationName = Release;
		};
		4297755D1E35C78F00E5150C /* Build configuration list for PBXNativeTarget "TestProjectUITests" */ = {
			isa = XCConfigurationList;
			buildConfigurations = (
				4297755E1E35C78F00E5150C /* Debug */,
				4297755F1E35C78F00E5150C /* Release */,
			);
			defaultConfigurationIsVisible = 0;
			defaultConfigurationName = Release;
		};
/* End XCConfigurationList section */
	};
	rootObject = 429775221E35C78C00E5150C /* Project object */;
}
